
Microsoft Visual Studio Solution File, Format Version 12.00
# Visual Studio Version 16
VisualStudioVersion = 16.0.29806.167
MinimumVisualStudioVersion = 10.0.40219.1
Project("{FAE04EC0-301F-11D3-BF4B-00C04F79EFBC}") = "Vechiles", "Vechiles\Vechiles.csproj", "{77BFA04F-0C9D-4E9C-A035-63222F23A890}"
EndProject
Project("{FAE04EC0-301F-11D3-BF4B-00C04F79EFBC}") = "WildFarm", "WildFarm\WildFarm.csproj", "{268268E8-2974-4C53-A5F3-7ABD19B8F846}"
EndProject
Global
	GlobalSection(SolutionConfigurationPlatforms) = preSolution
		Debug|Any CPU = Debug|Any CPU
		Release|Any CPU = Release|Any CPU
	EndGlobalSection
	GlobalSection(ProjectConfigurationPlatforms) = postSolution
		{77BFA04F-0C9D-4E9C-A035-63222F23A890}.Debug|Any CPU.ActiveCfg = Debug|Any CPU
		{77BFA04F-0C9D-4E9C-A035-63222F23A890}.Debug|Any CPU.Build.0 = Debug|Any CPU
		{77BFA04F-0C9D-4E9C-A035-63222F23A890}.Release|Any CPU.ActiveCfg = Release|Any CPU
		{77BFA04F-0C9D-4E9C-A035-63222F23A890}.Release|Any CPU.Build.0 = Release|Any CPU
		{268268E8-2974-4C53-A5F3-7ABD19B8F846}.Debug|Any CPU.ActiveCfg = Debug|Any CPU
		{268268E8-2974-4C53-A5F3-7ABD19B8F846}.Debug|Any CPU.Build.0 = Debug|Any CPU
		{268268E8-2974-4C53-A5F3-7ABD19B8F846}.Release|Any CPU.ActiveCfg = Release|Any CPU
		{268268E8-2974-4C53-A5F3-7ABD19B8F846}.Release|Any CPU.Build.0 = Release|Any CPU
	EndGlobalSection
	GlobalSection(SolutionProperties) = preSolution
		HideSolutionNode = FALSE
	EndGlobalSection
	GlobalSection(ExtensibilityGlobals) = postSolution
		SolutionGuid = {6D031684-2C76-45AB-83C1-EBBB340E81A3}
	EndGlobalSection
EndGlobal
