
Microsoft Visual Studio Solution File, Format Version 12.00
# Visual Studio Version 16
VisualStudioVersion = 16.0.29806.167
MinimumVisualStudioVersion = 10.0.40219.1
Project("{FAE04EC0-301F-11D3-BF4B-00C04F79EFBC}") = "PersonInfo", "01.SortPersonByNameThenByAge\PersonInfo.csproj", "{0BEF2357-3D78-4041-B453-E782A2C1F2A2}"
EndProject
Project("{FAE04EC0-301F-11D3-BF4B-00C04F79EFBC}") = "PersonsInfo", "PersonsInfo\PersonsInfo.csproj", "{89D48ABB-7BB9-44D1-A0E6-D0D38EDB349F}"
EndProject
Global
	GlobalSection(SolutionConfigurationPlatforms) = preSolution
		Debug|Any CPU = Debug|Any CPU
		Release|Any CPU = Release|Any CPU
	EndGlobalSection
	GlobalSection(ProjectConfigurationPlatforms) = postSolution
		{0BEF2357-3D78-4041-B453-E782A2C1F2A2}.Debug|Any CPU.ActiveCfg = Debug|Any CPU
		{0BEF2357-3D78-4041-B453-E782A2C1F2A2}.Debug|Any CPU.Build.0 = Debug|Any CPU
		{0BEF2357-3D78-4041-B453-E782A2C1F2A2}.Release|Any CPU.ActiveCfg = Release|Any CPU
		{0BEF2357-3D78-4041-B453-E782A2C1F2A2}.Release|Any CPU.Build.0 = Release|Any CPU
		{89D48ABB-7BB9-44D1-A0E6-D0D38EDB349F}.Debug|Any CPU.ActiveCfg = Debug|Any CPU
		{89D48ABB-7BB9-44D1-A0E6-D0D38EDB349F}.Debug|Any CPU.Build.0 = Debug|Any CPU
		{89D48ABB-7BB9-44D1-A0E6-D0D38EDB349F}.Release|Any CPU.ActiveCfg = Release|Any CPU
		{89D48ABB-7BB9-44D1-A0E6-D0D38EDB349F}.Release|Any CPU.Build.0 = Release|Any CPU
	EndGlobalSection
	GlobalSection(SolutionProperties) = preSolution
		HideSolutionNode = FALSE
	EndGlobalSection
	GlobalSection(ExtensibilityGlobals) = postSolution
		SolutionGuid = {226AC86F-F219-465D-AEC2-11D044F56561}
	EndGlobalSection
EndGlobal
