
Microsoft Visual Studio Solution File, Format Version 12.00
# Visual Studio Version 16
VisualStudioVersion = 16.0.29806.167
MinimumVisualStudioVersion = 10.0.40219.1
Project("{FAE04EC0-301F-11D3-BF4B-00C04F79EFBC}") = "Workshop", "Workshop\Workshop.csproj", "{FF8BCA3D-8A73-49C8-80CE-B0E76E6F805A}"
EndProject
Global
	GlobalSection(SolutionConfigurationPlatforms) = preSolution
		Debug|Any CPU = Debug|Any CPU
		Release|Any CPU = Release|Any CPU
	EndGlobalSection
	GlobalSection(ProjectConfigurationPlatforms) = postSolution
		{FF8BCA3D-8A73-49C8-80CE-B0E76E6F805A}.Debug|Any CPU.ActiveCfg = Debug|Any CPU
		{FF8BCA3D-8A73-49C8-80CE-B0E76E6F805A}.Debug|Any CPU.Build.0 = Debug|Any CPU
		{FF8BCA3D-8A73-49C8-80CE-B0E76E6F805A}.Release|Any CPU.ActiveCfg = Release|Any CPU
		{FF8BCA3D-8A73-49C8-80CE-B0E76E6F805A}.Release|Any CPU.Build.0 = Release|Any CPU
	EndGlobalSection
	GlobalSection(SolutionProperties) = preSolution
		HideSolutionNode = FALSE
	EndGlobalSection
	GlobalSection(ExtensibilityGlobals) = postSolution
		SolutionGuid = {9AACFB04-43C5-4FB6-8604-7F35766A3C70}
	EndGlobalSection
EndGlobal
