
Microsoft Visual Studio Solution File, Format Version 12.00
# Visual Studio Version 16
VisualStudioVersion = 16.0.29806.167
MinimumVisualStudioVersion = 10.0.40219.1
Project("{FAE04EC0-301F-11D3-BF4B-00C04F79EFBC}") = "Lecture", "Lecture\Lecture.csproj", "{E4723227-7125-4C9D-B87E-CD2A5A891480}"
EndProject
Global
	GlobalSection(SolutionConfigurationPlatforms) = preSolution
		Debug|Any CPU = Debug|Any CPU
		Release|Any CPU = Release|Any CPU
	EndGlobalSection
	GlobalSection(ProjectConfigurationPlatforms) = postSolution
		{E4723227-7125-4C9D-B87E-CD2A5A891480}.Debug|Any CPU.ActiveCfg = Debug|Any CPU
		{E4723227-7125-4C9D-B87E-CD2A5A891480}.Debug|Any CPU.Build.0 = Debug|Any CPU
		{E4723227-7125-4C9D-B87E-CD2A5A891480}.Release|Any CPU.ActiveCfg = Release|Any CPU
		{E4723227-7125-4C9D-B87E-CD2A5A891480}.Release|Any CPU.Build.0 = Release|Any CPU
	EndGlobalSection
	GlobalSection(SolutionProperties) = preSolution
		HideSolutionNode = FALSE
	EndGlobalSection
	GlobalSection(ExtensibilityGlobals) = postSolution
		SolutionGuid = {1B2DD9C3-1240-424F-85CB-2C3529BAED12}
	EndGlobalSection
EndGlobal
