
Microsoft Visual Studio Solution File, Format Version 12.00
# Visual Studio Version 16
VisualStudioVersion = 16.0.29806.167
MinimumVisualStudioVersion = 10.0.40219.1
Project("{FAE04EC0-301F-11D3-BF4B-00C04F79EFBC}") = "FDMC.App", "FDMC.App\FDMC.App.csproj", "{68062204-9C2F-4275-86B5-BB3BD583F2AF}"
EndProject
Project("{FAE04EC0-301F-11D3-BF4B-00C04F79EFBC}") = "FDMC.Models", "FDMC.Models\FDMC.Models.csproj", "{6A382319-2EF4-4E91-AC36-C87A68671D78}"
EndProject
Project("{FAE04EC0-301F-11D3-BF4B-00C04F79EFBC}") = "FDMC.Data", "FDMC.Data\FDMC.Data.csproj", "{D709C2F6-70A6-4309-B97F-8BAF01F2BB43}"
EndProject
Global
	GlobalSection(SolutionConfigurationPlatforms) = preSolution
		Debug|Any CPU = Debug|Any CPU
		Release|Any CPU = Release|Any CPU
	EndGlobalSection
	GlobalSection(ProjectConfigurationPlatforms) = postSolution
		{68062204-9C2F-4275-86B5-BB3BD583F2AF}.Debug|Any CPU.ActiveCfg = Debug|Any CPU
		{68062204-9C2F-4275-86B5-BB3BD583F2AF}.Debug|Any CPU.Build.0 = Debug|Any CPU
		{68062204-9C2F-4275-86B5-BB3BD583F2AF}.Release|Any CPU.ActiveCfg = Release|Any CPU
		{68062204-9C2F-4275-86B5-BB3BD583F2AF}.Release|Any CPU.Build.0 = Release|Any CPU
		{6A382319-2EF4-4E91-AC36-C87A68671D78}.Debug|Any CPU.ActiveCfg = Debug|Any CPU
		{6A382319-2EF4-4E91-AC36-C87A68671D78}.Debug|Any CPU.Build.0 = Debug|Any CPU
		{6A382319-2EF4-4E91-AC36-C87A68671D78}.Release|Any CPU.ActiveCfg = Release|Any CPU
		{6A382319-2EF4-4E91-AC36-C87A68671D78}.Release|Any CPU.Build.0 = Release|Any CPU
		{D709C2F6-70A6-4309-B97F-8BAF01F2BB43}.Debug|Any CPU.ActiveCfg = Debug|Any CPU
		{D709C2F6-70A6-4309-B97F-8BAF01F2BB43}.Debug|Any CPU.Build.0 = Debug|Any CPU
		{D709C2F6-70A6-4309-B97F-8BAF01F2BB43}.Release|Any CPU.ActiveCfg = Release|Any CPU
		{D709C2F6-70A6-4309-B97F-8BAF01F2BB43}.Release|Any CPU.Build.0 = Release|Any CPU
	EndGlobalSection
	GlobalSection(SolutionProperties) = preSolution
		HideSolutionNode = FALSE
	EndGlobalSection
	GlobalSection(ExtensibilityGlobals) = postSolution
		SolutionGuid = {9FF477EE-FC07-404B-AEC8-3BD6B6C39557}
	EndGlobalSection
EndGlobal
