
Microsoft Visual Studio Solution File, Format Version 12.00
# Visual Studio Version 16
VisualStudioVersion = 16.0.29806.167
MinimumVisualStudioVersion = 10.0.40219.1
Project("{9A19103F-16F7-4668-BE54-9A1E7A4F7556}") = "Eventures.App", "Eventures.App\Eventures.App.csproj", "{7807ED6E-C969-434F-B213-FF305BC45D74}"
EndProject
Project("{9A19103F-16F7-4668-BE54-9A1E7A4F7556}") = "Eventures.Data", "Eventures.Data\Eventures.Data.csproj", "{E2164BBC-C615-42C2-A16D-2F4D0121C6E0}"
EndProject
Project("{9A19103F-16F7-4668-BE54-9A1E7A4F7556}") = "Eventures.Models", "Eventures.Models\Eventures.Models.csproj", "{EAC45627-3C79-4730-B277-28EBFC847982}"
EndProject
Global
	GlobalSection(SolutionConfigurationPlatforms) = preSolution
		Debug|Any CPU = Debug|Any CPU
		Release|Any CPU = Release|Any CPU
	EndGlobalSection
	GlobalSection(ProjectConfigurationPlatforms) = postSolution
		{7807ED6E-C969-434F-B213-FF305BC45D74}.Debug|Any CPU.ActiveCfg = Debug|Any CPU
		{7807ED6E-C969-434F-B213-FF305BC45D74}.Debug|Any CPU.Build.0 = Debug|Any CPU
		{7807ED6E-C969-434F-B213-FF305BC45D74}.Release|Any CPU.ActiveCfg = Release|Any CPU
		{7807ED6E-C969-434F-B213-FF305BC45D74}.Release|Any CPU.Build.0 = Release|Any CPU
		{E2164BBC-C615-42C2-A16D-2F4D0121C6E0}.Debug|Any CPU.ActiveCfg = Debug|Any CPU
		{E2164BBC-C615-42C2-A16D-2F4D0121C6E0}.Debug|Any CPU.Build.0 = Debug|Any CPU
		{E2164BBC-C615-42C2-A16D-2F4D0121C6E0}.Release|Any CPU.ActiveCfg = Release|Any CPU
		{E2164BBC-C615-42C2-A16D-2F4D0121C6E0}.Release|Any CPU.Build.0 = Release|Any CPU
		{EAC45627-3C79-4730-B277-28EBFC847982}.Debug|Any CPU.ActiveCfg = Debug|Any CPU
		{EAC45627-3C79-4730-B277-28EBFC847982}.Debug|Any CPU.Build.0 = Debug|Any CPU
		{EAC45627-3C79-4730-B277-28EBFC847982}.Release|Any CPU.ActiveCfg = Release|Any CPU
		{EAC45627-3C79-4730-B277-28EBFC847982}.Release|Any CPU.Build.0 = Release|Any CPU
	EndGlobalSection
	GlobalSection(SolutionProperties) = preSolution
		HideSolutionNode = FALSE
	EndGlobalSection
	GlobalSection(ExtensibilityGlobals) = postSolution
		SolutionGuid = {80FA1D8F-06A1-4CEA-8558-6C44028B20C2}
	EndGlobalSection
EndGlobal
