
Microsoft Visual Studio Solution File, Format Version 12.00
# Visual Studio Version 16
VisualStudioVersion = 16.0.29806.167
MinimumVisualStudioVersion = 10.0.40219.1
Project("{FAE04EC0-301F-11D3-BF4B-00C04F79EFBC}") = "SchoolTeams", "SchoolTeams\SchoolTeams.csproj", "{0A7127EB-3E90-4E68-85A2-D1DAACF65500}"
EndProject
Project("{FAE04EC0-301F-11D3-BF4B-00C04F79EFBC}") = "MirrorString", "MirrorString\MirrorString.csproj", "{AB93DC18-68BE-4E55-9C5E-F7E7A5133A89}"
EndProject
Project("{FAE04EC0-301F-11D3-BF4B-00C04F79EFBC}") = "RoadTrip", "RoadTrip\RoadTrip.csproj", "{53F3662C-B8A3-4B36-99E9-E0E69381C10A}"
EndProject
Global
	GlobalSection(SolutionConfigurationPlatforms) = preSolution
		Debug|Any CPU = Debug|Any CPU
		Release|Any CPU = Release|Any CPU
	EndGlobalSection
	GlobalSection(ProjectConfigurationPlatforms) = postSolution
		{0A7127EB-3E90-4E68-85A2-D1DAACF65500}.Debug|Any CPU.ActiveCfg = Debug|Any CPU
		{0A7127EB-3E90-4E68-85A2-D1DAACF65500}.Debug|Any CPU.Build.0 = Debug|Any CPU
		{0A7127EB-3E90-4E68-85A2-D1DAACF65500}.Release|Any CPU.ActiveCfg = Release|Any CPU
		{0A7127EB-3E90-4E68-85A2-D1DAACF65500}.Release|Any CPU.Build.0 = Release|Any CPU
		{AB93DC18-68BE-4E55-9C5E-F7E7A5133A89}.Debug|Any CPU.ActiveCfg = Debug|Any CPU
		{AB93DC18-68BE-4E55-9C5E-F7E7A5133A89}.Debug|Any CPU.Build.0 = Debug|Any CPU
		{AB93DC18-68BE-4E55-9C5E-F7E7A5133A89}.Release|Any CPU.ActiveCfg = Release|Any CPU
		{AB93DC18-68BE-4E55-9C5E-F7E7A5133A89}.Release|Any CPU.Build.0 = Release|Any CPU
		{53F3662C-B8A3-4B36-99E9-E0E69381C10A}.Debug|Any CPU.ActiveCfg = Debug|Any CPU
		{53F3662C-B8A3-4B36-99E9-E0E69381C10A}.Debug|Any CPU.Build.0 = Debug|Any CPU
		{53F3662C-B8A3-4B36-99E9-E0E69381C10A}.Release|Any CPU.ActiveCfg = Release|Any CPU
		{53F3662C-B8A3-4B36-99E9-E0E69381C10A}.Release|Any CPU.Build.0 = Release|Any CPU
	EndGlobalSection
	GlobalSection(SolutionProperties) = preSolution
		HideSolutionNode = FALSE
	EndGlobalSection
	GlobalSection(ExtensibilityGlobals) = postSolution
		SolutionGuid = {94457429-493D-4AFD-9452-911B42783BDE}
	EndGlobalSection
EndGlobal
