
Microsoft Visual Studio Solution File, Format Version 12.00
# Visual Studio Version 16
VisualStudioVersion = 16.0.29806.167
MinimumVisualStudioVersion = 10.0.40219.1
Project("{FAE04EC0-301F-11D3-BF4B-00C04F79EFBC}") = "DonationLibrary.Web", "DonationLibrary.Web\DonationLibrary.Web.csproj", "{D87CA416-C4B5-46CD-BACA-4E06C8165EBC}"
EndProject
Project("{FAE04EC0-301F-11D3-BF4B-00C04F79EFBC}") = "DonationLibrary.Models", "DonationLibrary.Models\DonationLibrary.Models.csproj", "{6D3AD608-8248-4203-A365-6553DB9A4159}"
EndProject
Project("{FAE04EC0-301F-11D3-BF4B-00C04F79EFBC}") = "DonationLibrary.Data", "DonationLibrary.Data\DonationLibrary.Data.csproj", "{9A2DBC5F-8194-4224-83D0-89145D8F621C}"
EndProject
Global
	GlobalSection(SolutionConfigurationPlatforms) = preSolution
		Debug|Any CPU = Debug|Any CPU
		Release|Any CPU = Release|Any CPU
	EndGlobalSection
	GlobalSection(ProjectConfigurationPlatforms) = postSolution
		{D87CA416-C4B5-46CD-BACA-4E06C8165EBC}.Debug|Any CPU.ActiveCfg = Debug|Any CPU
		{D87CA416-C4B5-46CD-BACA-4E06C8165EBC}.Debug|Any CPU.Build.0 = Debug|Any CPU
		{D87CA416-C4B5-46CD-BACA-4E06C8165EBC}.Release|Any CPU.ActiveCfg = Release|Any CPU
		{D87CA416-C4B5-46CD-BACA-4E06C8165EBC}.Release|Any CPU.Build.0 = Release|Any CPU
		{6D3AD608-8248-4203-A365-6553DB9A4159}.Debug|Any CPU.ActiveCfg = Debug|Any CPU
		{6D3AD608-8248-4203-A365-6553DB9A4159}.Debug|Any CPU.Build.0 = Debug|Any CPU
		{6D3AD608-8248-4203-A365-6553DB9A4159}.Release|Any CPU.ActiveCfg = Release|Any CPU
		{6D3AD608-8248-4203-A365-6553DB9A4159}.Release|Any CPU.Build.0 = Release|Any CPU
		{9A2DBC5F-8194-4224-83D0-89145D8F621C}.Debug|Any CPU.ActiveCfg = Debug|Any CPU
		{9A2DBC5F-8194-4224-83D0-89145D8F621C}.Debug|Any CPU.Build.0 = Debug|Any CPU
		{9A2DBC5F-8194-4224-83D0-89145D8F621C}.Release|Any CPU.ActiveCfg = Release|Any CPU
		{9A2DBC5F-8194-4224-83D0-89145D8F621C}.Release|Any CPU.Build.0 = Release|Any CPU
	EndGlobalSection
	GlobalSection(SolutionProperties) = preSolution
		HideSolutionNode = FALSE
	EndGlobalSection
	GlobalSection(ExtensibilityGlobals) = postSolution
		SolutionGuid = {EF9D3505-7E5D-4432-8651-C872138E79D0}
	EndGlobalSection
EndGlobal
